
Microsoft Visual Studio Solution File, Format Version 12.00
# Visual Studio Version 17
VisualStudioVersion = 17.14.36623.8 d17.14
MinimumVisualStudioVersion = 10.0.40219.1
Project("{FAE04EC0-301F-11D3-BF4B-00C04F79EFBC}") = "Arrays_Mcelhannon_cj", "Arrays_Mcelhannon_cj\Arrays_Mcelhannon_cj.csproj", "{18253D76-F56F-4D7A-8D57-0110CE65BF0D}"
EndProject
Global
	GlobalSection(SolutionConfigurationPlatforms) = preSolution
		Debug|Any CPU = Debug|Any CPU
		Release|Any CPU = Release|Any CPU
	EndGlobalSection
	GlobalSection(ProjectConfigurationPlatforms) = postSolution
		{18253D76-F56F-4D7A-8D57-0110CE65BF0D}.Debug|Any CPU.ActiveCfg = Debug|Any CPU
		{18253D76-F56F-4D7A-8D57-0110CE65BF0D}.Debug|Any CPU.Build.0 = Debug|Any CPU
		{18253D76-F56F-4D7A-8D57-0110CE65BF0D}.Release|Any CPU.ActiveCfg = Release|Any CPU
		{18253D76-F56F-4D7A-8D57-0110CE65BF0D}.Release|Any CPU.Build.0 = Release|Any CPU
	EndGlobalSection
	GlobalSection(SolutionProperties) = preSolution
		HideSolutionNode = FALSE
	EndGlobalSection
	GlobalSection(ExtensibilityGlobals) = postSolution
		SolutionGuid = {6DD005B2-CCC5-4D54-A959-10E1745915D8}
	EndGlobalSection
EndGlobal
